
Microsoft Visual Studio Solution File, Format Version 12.00
# Visual Studio Version 17
VisualStudioVersion = 17.7.34221.43
MinimumVisualStudioVersion = 10.0.40219.1
Project("{FAE04EC0-301F-11D3-BF4B-00C04F79EFBC}") = "TranslationStream", "TranslationStream\TranslationStream.csproj", "{314FF6D0-E7C9-4507-A417-FC4206123CB5}"
EndProject
Global
	GlobalSection(SolutionConfigurationPlatforms) = preSolution
		Debug|Any CPU = Debug|Any CPU
		Release|Any CPU = Release|Any CPU
	EndGlobalSection
	GlobalSection(ProjectConfigurationPlatforms) = postSolution
		{314FF6D0-E7C9-4507-A417-FC4206123CB5}.Debug|Any CPU.ActiveCfg = Debug|Any CPU
		{314FF6D0-E7C9-4507-A417-FC4206123CB5}.Debug|Any CPU.Build.0 = Debug|Any CPU
		{314FF6D0-E7C9-4507-A417-FC4206123CB5}.Release|Any CPU.ActiveCfg = Release|Any CPU
		{314FF6D0-E7C9-4507-A417-FC4206123CB5}.Release|Any CPU.Build.0 = Release|Any CPU
	EndGlobalSection
	GlobalSection(SolutionProperties) = preSolution
		HideSolutionNode = FALSE
	EndGlobalSection
	GlobalSection(ExtensibilityGlobals) = postSolution
		SolutionGuid = {E6785DAD-F007-4FCC-A7EB-D8D07759DF5F}
	EndGlobalSection
EndGlobal
